
Microsoft Visual Studio Solution File, Format Version 12.00
# Visual Studio Version 16
VisualStudioVersion = 16.0.32802.440
MinimumVisualStudioVersion = 10.0.40219.1
Project("{FAE04EC0-301F-11D3-BF4B-00C04F79EFBC}") = "Paup_2023", "Paup_2023.csproj", "{52CE8721-0F57-4FFC-8F2A-B3B3E7BBE3BE}"
EndProject
Global
	GlobalSection(SolutionConfigurationPlatforms) = preSolution
		Debug|Any CPU = Debug|Any CPU
		Release|Any CPU = Release|Any CPU
	EndGlobalSection
	GlobalSection(ProjectConfigurationPlatforms) = postSolution
		{52CE8721-0F57-4FFC-8F2A-B3B3E7BBE3BE}.Debug|Any CPU.ActiveCfg = Debug|Any CPU
		{52CE8721-0F57-4FFC-8F2A-B3B3E7BBE3BE}.Debug|Any CPU.Build.0 = Debug|Any CPU
		{52CE8721-0F57-4FFC-8F2A-B3B3E7BBE3BE}.Release|Any CPU.ActiveCfg = Release|Any CPU
		{52CE8721-0F57-4FFC-8F2A-B3B3E7BBE3BE}.Release|Any CPU.Build.0 = Release|Any CPU
	EndGlobalSection
	GlobalSection(SolutionProperties) = preSolution
		HideSolutionNode = FALSE
	EndGlobalSection
	GlobalSection(ExtensibilityGlobals) = postSolution
		SolutionGuid = {03DD0627-9E95-43D9-93EA-758F97F02CB6}
	EndGlobalSection
EndGlobal
